
Microsoft Visual Studio Solution File, Format Version 12.00
# Visual Studio Version 17
VisualStudioVersion = 17.7.34018.315
MinimumVisualStudioVersion = 10.0.40219.1
Project("{FAE04EC0-301F-11D3-BF4B-00C04F79EFBC}") = "LinkedList", "LinkedList\LinkedList.csproj", "{5080FF57-BBF7-4AEF-8A41-93F0D30AA254}"
EndProject
Global
	GlobalSection(SolutionConfigurationPlatforms) = preSolution
		Debug|Any CPU = Debug|Any CPU
		Release|Any CPU = Release|Any CPU
	EndGlobalSection
	GlobalSection(ProjectConfigurationPlatforms) = postSolution
		{5080FF57-BBF7-4AEF-8A41-93F0D30AA254}.Debug|Any CPU.ActiveCfg = Debug|Any CPU
		{5080FF57-BBF7-4AEF-8A41-93F0D30AA254}.Debug|Any CPU.Build.0 = Debug|Any CPU
		{5080FF57-BBF7-4AEF-8A41-93F0D30AA254}.Release|Any CPU.ActiveCfg = Release|Any CPU
		{5080FF57-BBF7-4AEF-8A41-93F0D30AA254}.Release|Any CPU.Build.0 = Release|Any CPU
	EndGlobalSection
	GlobalSection(SolutionProperties) = preSolution
		HideSolutionNode = FALSE
	EndGlobalSection
	GlobalSection(ExtensibilityGlobals) = postSolution
		SolutionGuid = {B528764D-1DE3-4C42-B455-E01D833A056A}
	EndGlobalSection
EndGlobal
